<?xml version="1.0" encoding="utf-8"?>
<Project ToolsVersion="4.0" xmlns="http://schemas.microsoft.com/developer/msbuild/2003">
  <ItemGroup>
    <Filter Include="Source Files">
      <UniqueIdentifier>{4FC737F1-C7A5-4376-A066-2A32D752A2FF}</UniqueIdentifier>
      <Extensions>cpp;c;cc;cxx;c++;cppm;ixx;def;odl;idl;hpj;bat;asm;asmx</Extensions>
    </Filter>
    <Filter Include="Header Files">
      <UniqueIdentifier>{93995380-89BD-4b04-88EB-625FBE52EBFB}</UniqueIdentifier>
      <Extensions>h;hh;hpp;hxx;h++;hm;inl;inc;ipp;xsd</Extensions>
    </Filter>
    <Filter Include="shader">
      <UniqueIdentifier>{dcf227b5-bbec-4f40-8dd9-f53262fc6b28}</UniqueIdentifier>
    </Filter>
  </ItemGroup>
  <ItemGroup>
    <ClCompile Include="Sample.cpp">
      <Filter>Source Files</Filter>
    </ClCompile>
    <ClCompile Include="BasicRepositry.cpp">
      <Filter>Source Files</Filter>
    </ClCompile>
    <ClCompile Include="BasicWindow.cpp">
      <Filter>Source Files</Filter>
    </ClCompile>
    <ClCompile Include="BasicWindowFactory.cpp">
      <Filter>Source Files</Filter>
    </ClCompile>
    <ClCompile Include="BasicCamera.cpp">
      <Filter>Source Files</Filter>
    </ClCompile>
    <ClCompile Include="BasicNode.cpp">
      <Filter>Source Files</Filter>
    </ClCompile>
    <ClCompile Include="BasicRenderModule.cpp">
      <Filter>Source Files</Filter>
    </ClCompile>
    <ClCompile Include="Sample_IBL.cpp">
      <Filter>Source Files</Filter>
    </ClCompile>
    <ClCompile Include="WFTestRenderer.cpp">
      <Filter>Source Files</Filter>
    </ClCompile>
    <ClCompile Include="WFTestShader.cpp">
      <Filter>Source Files</Filter>
    </ClCompile>
    <ClCompile Include="Sample_WhiteFurnaceTest.cpp">
      <Filter>Source Files</Filter>
    </ClCompile>
  </ItemGroup>
  <ItemGroup>
    <ClInclude Include="BasicRepositry.h">
      <Filter>Header Files</Filter>
    </ClInclude>
    <ClInclude Include="BasicWindow.h">
      <Filter>Header Files</Filter>
    </ClInclude>
    <ClInclude Include="BasicWindowFactory.h">
      <Filter>Header Files</Filter>
    </ClInclude>
    <ClInclude Include="BasicCamera.h">
      <Filter>Header Files</Filter>
    </ClInclude>
    <ClInclude Include="BasicNode.h">
      <Filter>Header Files</Filter>
    </ClInclude>
    <ClInclude Include="BasicRenderModule.h">
      <Filter>Header Files</Filter>
    </ClInclude>
    <ClInclude Include="WFTestRenderer.h">
      <Filter>Header Files</Filter>
    </ClInclude>
    <ClInclude Include="WFTestShader.h">
      <Filter>Header Files</Filter>
    </ClInclude>
    <ClInclude Include="resource.h">
      <Filter>Header Files</Filter>
    </ClInclude>
  </ItemGroup>
  <ItemGroup>
    <None Include="..\resource\shader\basic_fs.glsl">
      <Filter>shader</Filter>
    </None>
    <None Include="..\resource\shader\basic_vs.glsl">
      <Filter>shader</Filter>
    </None>
    <None Include="..\resource\shader\background_fs.glsl">
      <Filter>shader</Filter>
    </None>
    <None Include="..\resource\shader\background_vs.glsl">
      <Filter>shader</Filter>
    </None>
    <None Include="..\resource\shader\cubemap_vs.glsl">
      <Filter>shader</Filter>
    </None>
    <None Include="..\resource\shader\equirectangular_to_cubemap_fs.glsl">
      <Filter>shader</Filter>
    </None>
    <None Include="..\resource\shader\pbr_fs.glsl">
      <Filter>shader</Filter>
    </None>
    <None Include="..\resource\shader\pbr_vs.glsl">
      <Filter>shader</Filter>
    </None>
    <None Include="..\resource\shader\brdf_fs.glsl">
      <Filter>shader</Filter>
    </None>
    <None Include="..\resource\shader\brdf_vs.glsl">
      <Filter>shader</Filter>
    </None>
    <None Include="..\resource\shader\white_furnace_test_pbr_f.glsl">
      <Filter>shader</Filter>
    </None>
    <None Include="..\resource\shader\single_scattering_energy_f.glsl">
      <Filter>shader</Filter>
    </None>
    <None Include="..\resource\shader\kulla_conty_pbr_f.glsl">
      <Filter>shader</Filter>
    </None>
    <None Include="..\resource\shader\basic_f.glsl">
      <Filter>shader</Filter>
    </None>
    <None Include="..\resource\shader\basic_pbr_v.glsl">
      <Filter>shader</Filter>
    </None>
    <None Include="..\resource\shader\texture_v.glsl">
      <Filter>shader</Filter>
    </None>
    <None Include="..\resource\shader\channel_combination_f.glsl">
      <Filter>shader</Filter>
    </None>
    <None Include="..\resource\shader\pbr_lighting_pass_f.glsl">
      <Filter>shader</Filter>
    </None>
    <None Include="..\resource\shader\basic_v.glsl">
      <Filter>shader</Filter>
    </None>
    <None Include="..\resource\shader\ssao_f.glsl">
      <Filter>shader</Filter>
    </None>
    <None Include="..\resource\shader\ssao_blur_f.glsl">
      <Filter>shader</Filter>
    </None>
    <None Include="..\resource\shader\output_f.glsl">
      <Filter>shader</Filter>
    </None>
    <None Include="..\resource\shader\pbr_geometry_pass_v.glsl">
      <Filter>shader</Filter>
    </None>
    <None Include="..\resource\shader\pbr_forward_f.glsl">
      <Filter>shader</Filter>
    </None>
    <None Include="..\resource\shader\pbr_geometry_pass_f.glsl">
      <Filter>shader</Filter>
    </None>
    <None Include="..\resource\shader\reflection_probe_f.glsl">
      <Filter>shader</Filter>
    </None>
    <None Include="..\resource\shader\pbr_lighting_pass_prerender_f.glsl">
      <Filter>shader</Filter>
    </None>
    <None Include="..\resource\shader\point_shadow_depth_v.glsl">
      <Filter>shader</Filter>
    </None>
    <None Include="..\resource\shader\point_shadow_depth_g.glsl">
      <Filter>shader</Filter>
    </None>
    <None Include="..\resource\shader\point_shadow_depth_f.glsl">
      <Filter>shader</Filter>
    </None>
  </ItemGroup>
  <ItemGroup>
    <Text Include="..\resource\shader\irradiance_convolution_fs.glsl">
      <Filter>shader</Filter>
    </Text>
    <Text Include="..\resource\shader\prefilter_fs.glsl">
      <Filter>shader</Filter>
    </Text>
    <Text Include="..\resource\shader\cubemap_fs.glsl">
      <Filter>shader</Filter>
    </Text>
  </ItemGroup>
  <ItemGroup>
    <ResourceCompile Include="GhostEngine.rc" />
  </ItemGroup>
</Project>