
Microsoft Visual Studio Solution File, Format Version 12.00
# Visual Studio Version 16
VisualStudioVersion = 16.0.31205.134
MinimumVisualStudioVersion = 10.0.40219.1
Project("{8BC9CEB8-8B4A-11D0-8D11-00A0C91BC942}") = "GhostEngine", "MIAO Engine\MIAO Engine.vcxproj", "{B02E0115-DD4B-4E12-9D59-F8006FB06F1A}"
	ProjectSection(ProjectDependencies) = postProject
		{CD09C400-FA87-4970-A8B4-FC5A70F57C65} = {CD09C400-FA87-4970-A8B4-FC5A70F57C65}
	EndProjectSection
EndProject
Project("{8BC9CEB8-8B4A-11D0-8D11-00A0C91BC942}") = "common", "common\common.vcxproj", "{CD09C400-FA87-4970-A8B4-FC5A70F57C65}"
EndProject
Project("{2150E333-8FDC-42A3-9474-1A3956D46DE8}") = "shaders", "shaders", "{F00C20D7-266B-4660-A5EE-EE6B538EE259}"
EndProject
Global
	GlobalSection(SolutionConfigurationPlatforms) = preSolution
		Debug|x64 = Debug|x64
		Debug|x86 = Debug|x86
		Release|x64 = Release|x64
		Release|x86 = Release|x86
	EndGlobalSection
	GlobalSection(ProjectConfigurationPlatforms) = postSolution
		{B02E0115-DD4B-4E12-9D59-F8006FB06F1A}.Debug|x64.ActiveCfg = Debug|Win32
		{B02E0115-DD4B-4E12-9D59-F8006FB06F1A}.Debug|x64.Build.0 = Debug|Win32
		{B02E0115-DD4B-4E12-9D59-F8006FB06F1A}.Debug|x86.ActiveCfg = Debug|Win32
		{B02E0115-DD4B-4E12-9D59-F8006FB06F1A}.Debug|x86.Build.0 = Debug|Win32
		{B02E0115-DD4B-4E12-9D59-F8006FB06F1A}.Release|x64.ActiveCfg = Release|x64
		{B02E0115-DD4B-4E12-9D59-F8006FB06F1A}.Release|x64.Build.0 = Release|x64
		{B02E0115-DD4B-4E12-9D59-F8006FB06F1A}.Release|x86.ActiveCfg = Release|Win32
		{B02E0115-DD4B-4E12-9D59-F8006FB06F1A}.Release|x86.Build.0 = Release|Win32
		{CD09C400-FA87-4970-A8B4-FC5A70F57C65}.Debug|x64.ActiveCfg = Debug|Win32
		{CD09C400-FA87-4970-A8B4-FC5A70F57C65}.Debug|x64.Build.0 = Debug|Win32
		{CD09C400-FA87-4970-A8B4-FC5A70F57C65}.Debug|x86.ActiveCfg = Debug|Win32
		{CD09C400-FA87-4970-A8B4-FC5A70F57C65}.Debug|x86.Build.0 = Debug|Win32
		{CD09C400-FA87-4970-A8B4-FC5A70F57C65}.Release|x64.ActiveCfg = Release|x64
		{CD09C400-FA87-4970-A8B4-FC5A70F57C65}.Release|x64.Build.0 = Release|x64
		{CD09C400-FA87-4970-A8B4-FC5A70F57C65}.Release|x86.ActiveCfg = Release|Win32
		{CD09C400-FA87-4970-A8B4-FC5A70F57C65}.Release|x86.Build.0 = Release|Win32
	EndGlobalSection
	GlobalSection(SolutionProperties) = preSolution
		HideSolutionNode = FALSE
	EndGlobalSection
	GlobalSection(ExtensibilityGlobals) = postSolution
		SolutionGuid = {4B9BF99E-DB7F-4DB4-89E6-5690DDDEF18C}
	EndGlobalSection
EndGlobal
