<?xml version="1.0" encoding="utf-8"?>
<Project ToolsVersion="4.0" xmlns="http://schemas.microsoft.com/developer/msbuild/2003">
  <ItemGroup>
    <Filter Include="Source Files">
      <UniqueIdentifier>{4FC737F1-C7A5-4376-A066-2A32D752A2FF}</UniqueIdentifier>
      <Extensions>cpp;c;cc;cxx;c++;cppm;ixx;def;odl;idl;hpj;bat;asm;asmx</Extensions>
    </Filter>
    <Filter Include="Header Files">
      <UniqueIdentifier>{93995380-89BD-4b04-88EB-625FBE52EBFB}</UniqueIdentifier>
      <Extensions>h;hh;hpp;hxx;h++;hm;inl;inc;ipp;xsd</Extensions>
    </Filter>
    <Filter Include="Resource Files">
      <UniqueIdentifier>{67DA6AB6-F800-4c08-8B7A-83BB121AAD01}</UniqueIdentifier>
      <Extensions>rc;ico;cur;bmp;dlg;rc2;rct;bin;rgs;gif;jpg;jpeg;jpe;resx;tiff;tif;png;wav;mfcribbon-ms</Extensions>
    </Filter>
  </ItemGroup>
  <ItemGroup>
    <ClCompile Include="AABBModule.cpp">
      <Filter>Source Files</Filter>
    </ClCompile>
    <ClCompile Include="AttachmentTexture.cpp">
      <Filter>Source Files</Filter>
    </ClCompile>
    <ClCompile Include="BasicMaterial.cpp">
      <Filter>Source Files</Filter>
    </ClCompile>
    <ClCompile Include="BasicMaterialFactory.cpp">
      <Filter>Source Files</Filter>
    </ClCompile>
    <ClCompile Include="BasicRenderer.cpp">
      <Filter>Source Files</Filter>
    </ClCompile>
    <ClCompile Include="BasicShader.cpp">
      <Filter>Source Files</Filter>
    </ClCompile>
    <ClCompile Include="BRDFLUTShader.cpp">
      <Filter>Source Files</Filter>
    </ClCompile>
    <ClCompile Include="Camera.cpp">
      <Filter>Source Files</Filter>
    </ClCompile>
    <ClCompile Include="CameraFactory.cpp">
      <Filter>Source Files</Filter>
    </ClCompile>
    <ClCompile Include="ChannelCombinationShader.cpp">
      <Filter>Source Files</Filter>
    </ClCompile>
    <ClCompile Include="Config.cpp">
      <Filter>Source Files</Filter>
    </ClCompile>
    <ClCompile Include="CubeGeometryMesh.cpp">
      <Filter>Source Files</Filter>
    </ClCompile>
    <ClCompile Include="CubeGeometryMeshFactory.cpp">
      <Filter>Source Files</Filter>
    </ClCompile>
    <ClCompile Include="CubeMap.cpp">
      <Filter>Source Files</Filter>
    </ClCompile>
    <ClCompile Include="CubeMapShader.cpp">
      <Filter>Source Files</Filter>
    </ClCompile>
    <ClCompile Include="Datatype.cpp">
      <Filter>Source Files</Filter>
    </ClCompile>
    <ClCompile Include="Debug.cpp">
      <Filter>Source Files</Filter>
    </ClCompile>
    <ClCompile Include="EquirectangularMap.cpp">
      <Filter>Source Files</Filter>
    </ClCompile>
    <ClCompile Include="File.cpp">
      <Filter>Source Files</Filter>
    </ClCompile>
    <ClCompile Include="FrameBuffer.cpp">
      <Filter>Source Files</Filter>
    </ClCompile>
    <ClCompile Include="Frustum.cpp">
      <Filter>Source Files</Filter>
    </ClCompile>
    <ClCompile Include="GBuffer.cpp">
      <Filter>Source Files</Filter>
    </ClCompile>
    <ClCompile Include="GeometryMesh.cpp">
      <Filter>Source Files</Filter>
    </ClCompile>
    <ClCompile Include="Global.cpp">
      <Filter>Source Files</Filter>
    </ClCompile>
    <ClCompile Include="GLTFLoader.cpp">
      <Filter>Source Files</Filter>
    </ClCompile>
    <ClCompile Include="HDRIShader.cpp">
      <Filter>Source Files</Filter>
    </ClCompile>
    <ClCompile Include="IBLRenderer.cpp">
      <Filter>Source Files</Filter>
    </ClCompile>
    <ClCompile Include="IrradianceShader.cpp">
      <Filter>Source Files</Filter>
    </ClCompile>
    <ClCompile Include="Light.cpp">
      <Filter>Source Files</Filter>
    </ClCompile>
    <ClCompile Include="LightFactory.cpp">
      <Filter>Source Files</Filter>
    </ClCompile>
    <ClCompile Include="LightProbe.cpp">
      <Filter>Source Files</Filter>
    </ClCompile>
    <ClCompile Include="LightProbeRenderer.cpp">
      <Filter>Source Files</Filter>
    </ClCompile>
    <ClCompile Include="Loader.cpp">
      <Filter>Source Files</Filter>
    </ClCompile>
    <ClCompile Include="Material.cpp">
      <Filter>Source Files</Filter>
    </ClCompile>
    <ClCompile Include="MaterialFactory.cpp">
      <Filter>Source Files</Filter>
    </ClCompile>
    <ClCompile Include="MaterialMap.cpp">
      <Filter>Source Files</Filter>
    </ClCompile>
    <ClCompile Include="Mesh.cpp">
      <Filter>Source Files</Filter>
    </ClCompile>
    <ClCompile Include="MeshFactory.cpp">
      <Filter>Source Files</Filter>
    </ClCompile>
    <ClCompile Include="Model.cpp">
      <Filter>Source Files</Filter>
    </ClCompile>
    <ClCompile Include="Module.cpp">
      <Filter>Source Files</Filter>
    </ClCompile>
    <ClCompile Include="MVPShader.cpp">
      <Filter>Source Files</Filter>
    </ClCompile>
    <ClCompile Include="Node.cpp">
      <Filter>Source Files</Filter>
    </ClCompile>
    <ClCompile Include="Object.cpp">
      <Filter>Source Files</Filter>
    </ClCompile>
    <ClCompile Include="OutputShader.cpp">
      <Filter>Source Files</Filter>
    </ClCompile>
    <ClCompile Include="PBRDeferRenderer.cpp">
      <Filter>Source Files</Filter>
    </ClCompile>
    <ClCompile Include="PBRGeometryPassShader.cpp">
      <Filter>Source Files</Filter>
    </ClCompile>
    <ClCompile Include="PBRLightingPassShader.cpp">
      <Filter>Source Files</Filter>
    </ClCompile>
    <ClCompile Include="PBRMaterial.cpp">
      <Filter>Source Files</Filter>
    </ClCompile>
    <ClCompile Include="PBRMaterialFacotry.cpp">
      <Filter>Source Files</Filter>
    </ClCompile>
    <ClCompile Include="PBRRenderer.cpp">
      <Filter>Source Files</Filter>
    </ClCompile>
    <ClCompile Include="PBRShader.cpp">
      <Filter>Source Files</Filter>
    </ClCompile>
    <ClCompile Include="PlaneTexture.cpp">
      <Filter>Source Files</Filter>
    </ClCompile>
    <ClCompile Include="PointLight.cpp">
      <Filter>Source Files</Filter>
    </ClCompile>
    <ClCompile Include="PointLightFactory.cpp">
      <Filter>Source Files</Filter>
    </ClCompile>
    <ClCompile Include="PointShadowDepthShader.cpp">
      <Filter>Source Files</Filter>
    </ClCompile>
    <ClCompile Include="PointShadowShader.cpp">
      <Filter>Source Files</Filter>
    </ClCompile>
    <ClCompile Include="PostProcessRenderer.cpp">
      <Filter>Source Files</Filter>
    </ClCompile>
    <ClCompile Include="PrefilterShader.cpp">
      <Filter>Source Files</Filter>
    </ClCompile>
    <ClCompile Include="Prerequisite.cpp">
      <Filter>Source Files</Filter>
    </ClCompile>
    <ClCompile Include="QuadGeometryMesh.cpp">
      <Filter>Source Files</Filter>
    </ClCompile>
    <ClCompile Include="Quat.cpp">
      <Filter>Source Files</Filter>
    </ClCompile>
    <ClCompile Include="ReflectionProbe.cpp">
      <Filter>Source Files</Filter>
    </ClCompile>
    <ClCompile Include="ReflectionProbeShader.cpp">
      <Filter>Source Files</Filter>
    </ClCompile>
    <ClCompile Include="Renderer.cpp">
      <Filter>Source Files</Filter>
    </ClCompile>
    <ClCompile Include="RenderManager.cpp">
      <Filter>Source Files</Filter>
    </ClCompile>
    <ClCompile Include="RenderModule.cpp">
      <Filter>Source Files</Filter>
    </ClCompile>
    <ClCompile Include="RenderNode.cpp">
      <Filter>Source Files</Filter>
    </ClCompile>
    <ClCompile Include="RenderUnit.cpp">
      <Filter>Source Files</Filter>
    </ClCompile>
    <ClCompile Include="Repositry.cpp">
      <Filter>Source Files</Filter>
    </ClCompile>
    <ClCompile Include="ResourceManager.cpp">
      <Filter>Source Files</Filter>
    </ClCompile>
    <ClCompile Include="Root.cpp">
      <Filter>Source Files</Filter>
    </ClCompile>
    <ClCompile Include="RootRenderModule.cpp">
      <Filter>Source Files</Filter>
    </ClCompile>
    <ClCompile Include="Scene.cpp">
      <Filter>Source Files</Filter>
    </ClCompile>
    <ClCompile Include="SceneManager.cpp">
      <Filter>Source Files</Filter>
    </ClCompile>
    <ClCompile Include="Shader.cpp">
      <Filter>Source Files</Filter>
    </ClCompile>
    <ClCompile Include="ShadowRenderer.cpp">
      <Filter>Source Files</Filter>
    </ClCompile>
    <ClCompile Include="Singleton.cpp">
      <Filter>Source Files</Filter>
    </ClCompile>
    <ClCompile Include="SkyboxShader.cpp">
      <Filter>Source Files</Filter>
    </ClCompile>
    <ClCompile Include="SphereGeometryMesh.cpp">
      <Filter>Source Files</Filter>
    </ClCompile>
    <ClCompile Include="SphereGeometryMeshFactory.cpp">
      <Filter>Source Files</Filter>
    </ClCompile>
    <ClCompile Include="SSAOBlurShader.cpp">
      <Filter>Source Files</Filter>
    </ClCompile>
    <ClCompile Include="SSAOShader.cpp">
      <Filter>Source Files</Filter>
    </ClCompile>
    <ClCompile Include="Texture.cpp">
      <Filter>Source Files</Filter>
    </ClCompile>
    <ClCompile Include="TextureFile.cpp">
      <Filter>Source Files</Filter>
    </ClCompile>
    <ClCompile Include="TransformableModule.cpp">
      <Filter>Source Files</Filter>
    </ClCompile>
    <ClCompile Include="TriangleMesh.cpp">
      <Filter>Source Files</Filter>
    </ClCompile>
    <ClCompile Include="TriangleMeshFactory.cpp">
      <Filter>Source Files</Filter>
    </ClCompile>
    <ClCompile Include="Unit.cpp">
      <Filter>Source Files</Filter>
    </ClCompile>
    <ClCompile Include="Window.cpp">
      <Filter>Source Files</Filter>
    </ClCompile>
    <ClCompile Include="WindowFactory.cpp">
      <Filter>Source Files</Filter>
    </ClCompile>
    <ClCompile Include="WindowManager.cpp">
      <Filter>Source Files</Filter>
    </ClCompile>
  </ItemGroup>
  <ItemGroup>
    <ClInclude Include="AABBModule.h">
      <Filter>Header Files</Filter>
    </ClInclude>
    <ClInclude Include="AttachmentTexture.h">
      <Filter>Header Files</Filter>
    </ClInclude>
    <ClInclude Include="BasicMaterial.h">
      <Filter>Header Files</Filter>
    </ClInclude>
    <ClInclude Include="BasicMaterialFactory.h">
      <Filter>Header Files</Filter>
    </ClInclude>
    <ClInclude Include="BasicRenderer.h">
      <Filter>Header Files</Filter>
    </ClInclude>
    <ClInclude Include="BasicShader.h">
      <Filter>Header Files</Filter>
    </ClInclude>
    <ClInclude Include="BRDFLUTShader.h">
      <Filter>Header Files</Filter>
    </ClInclude>
    <ClInclude Include="Camera.h">
      <Filter>Header Files</Filter>
    </ClInclude>
    <ClInclude Include="CameraFactory.h">
      <Filter>Header Files</Filter>
    </ClInclude>
    <ClInclude Include="ChannelCombinationShader.h">
      <Filter>Header Files</Filter>
    </ClInclude>
    <ClInclude Include="Config.h">
      <Filter>Header Files</Filter>
    </ClInclude>
    <ClInclude Include="CubeGeometryMesh.h">
      <Filter>Header Files</Filter>
    </ClInclude>
    <ClInclude Include="CubeGeometryMeshFactory.h">
      <Filter>Header Files</Filter>
    </ClInclude>
    <ClInclude Include="CubeMap.h">
      <Filter>Header Files</Filter>
    </ClInclude>
    <ClInclude Include="CubeMapShader.h">
      <Filter>Header Files</Filter>
    </ClInclude>
    <ClInclude Include="Datatype.h">
      <Filter>Header Files</Filter>
    </ClInclude>
    <ClInclude Include="Debug.h">
      <Filter>Header Files</Filter>
    </ClInclude>
    <ClInclude Include="EquirectangularMap.h">
      <Filter>Header Files</Filter>
    </ClInclude>
    <ClInclude Include="File.h">
      <Filter>Header Files</Filter>
    </ClInclude>
    <ClInclude Include="FrameBuffer.h">
      <Filter>Header Files</Filter>
    </ClInclude>
    <ClInclude Include="Frustum.h">
      <Filter>Header Files</Filter>
    </ClInclude>
    <ClInclude Include="GBuffer.h">
      <Filter>Header Files</Filter>
    </ClInclude>
    <ClInclude Include="GeometryMesh.h">
      <Filter>Header Files</Filter>
    </ClInclude>
    <ClInclude Include="Global.h">
      <Filter>Header Files</Filter>
    </ClInclude>
    <ClInclude Include="GLTFLoader.h">
      <Filter>Header Files</Filter>
    </ClInclude>
    <ClInclude Include="HDRIShader.h">
      <Filter>Header Files</Filter>
    </ClInclude>
    <ClInclude Include="IBLRenderer.h">
      <Filter>Header Files</Filter>
    </ClInclude>
    <ClInclude Include="IrradianceShader.h">
      <Filter>Header Files</Filter>
    </ClInclude>
    <ClInclude Include="Light.h">
      <Filter>Header Files</Filter>
    </ClInclude>
    <ClInclude Include="LightFactory.h">
      <Filter>Header Files</Filter>
    </ClInclude>
    <ClInclude Include="LightProbe.h">
      <Filter>Header Files</Filter>
    </ClInclude>
    <ClInclude Include="LightProbeRenderer.h">
      <Filter>Header Files</Filter>
    </ClInclude>
    <ClInclude Include="Loader.h">
      <Filter>Header Files</Filter>
    </ClInclude>
    <ClInclude Include="Material.h">
      <Filter>Header Files</Filter>
    </ClInclude>
    <ClInclude Include="MaterialFactory.h">
      <Filter>Header Files</Filter>
    </ClInclude>
    <ClInclude Include="MaterialMap.h">
      <Filter>Header Files</Filter>
    </ClInclude>
    <ClInclude Include="Mesh.h">
      <Filter>Header Files</Filter>
    </ClInclude>
    <ClInclude Include="MeshFactory.h">
      <Filter>Header Files</Filter>
    </ClInclude>
    <ClInclude Include="Model.h">
      <Filter>Header Files</Filter>
    </ClInclude>
    <ClInclude Include="Module.h">
      <Filter>Header Files</Filter>
    </ClInclude>
    <ClInclude Include="MVPShader.h">
      <Filter>Header Files</Filter>
    </ClInclude>
    <ClInclude Include="Node.h">
      <Filter>Header Files</Filter>
    </ClInclude>
    <ClInclude Include="Object.h">
      <Filter>Header Files</Filter>
    </ClInclude>
    <ClInclude Include="OutputShader.h">
      <Filter>Header Files</Filter>
    </ClInclude>
    <ClInclude Include="PBRDeferRenderer.h">
      <Filter>Header Files</Filter>
    </ClInclude>
    <ClInclude Include="PBRGeometryPassShader.h">
      <Filter>Header Files</Filter>
    </ClInclude>
    <ClInclude Include="PBRLightingPassShader.h">
      <Filter>Header Files</Filter>
    </ClInclude>
    <ClInclude Include="PBRMaterial.h">
      <Filter>Header Files</Filter>
    </ClInclude>
    <ClInclude Include="PBRMaterialFactory.h">
      <Filter>Header Files</Filter>
    </ClInclude>
    <ClInclude Include="PBRRenderer.h">
      <Filter>Header Files</Filter>
    </ClInclude>
    <ClInclude Include="PBRShader.h">
      <Filter>Header Files</Filter>
    </ClInclude>
    <ClInclude Include="PlaneTexture.h">
      <Filter>Header Files</Filter>
    </ClInclude>
    <ClInclude Include="PointLight.h">
      <Filter>Header Files</Filter>
    </ClInclude>
    <ClInclude Include="PointLightFactory.h">
      <Filter>Header Files</Filter>
    </ClInclude>
    <ClInclude Include="PointShadowDepthShader.h">
      <Filter>Header Files</Filter>
    </ClInclude>
    <ClInclude Include="PointShadowShader.h">
      <Filter>Header Files</Filter>
    </ClInclude>
    <ClInclude Include="PostProcessRenderer.h">
      <Filter>Header Files</Filter>
    </ClInclude>
    <ClInclude Include="PrefilterShader.h">
      <Filter>Header Files</Filter>
    </ClInclude>
    <ClInclude Include="Prerequisite.h">
      <Filter>Header Files</Filter>
    </ClInclude>
    <ClInclude Include="QuadGeometryMesh.h">
      <Filter>Header Files</Filter>
    </ClInclude>
    <ClInclude Include="Quat.h">
      <Filter>Header Files</Filter>
    </ClInclude>
    <ClInclude Include="ReflectionProbe.h">
      <Filter>Header Files</Filter>
    </ClInclude>
    <ClInclude Include="ReflectionProbeShader.h">
      <Filter>Header Files</Filter>
    </ClInclude>
    <ClInclude Include="Renderer.h">
      <Filter>Header Files</Filter>
    </ClInclude>
    <ClInclude Include="RenderManager.h">
      <Filter>Header Files</Filter>
    </ClInclude>
    <ClInclude Include="RenderModule.h">
      <Filter>Header Files</Filter>
    </ClInclude>
    <ClInclude Include="RenderNode.h">
      <Filter>Header Files</Filter>
    </ClInclude>
    <ClInclude Include="RenderUnit.h">
      <Filter>Header Files</Filter>
    </ClInclude>
    <ClInclude Include="Repositry.h">
      <Filter>Header Files</Filter>
    </ClInclude>
    <ClInclude Include="resource.h">
      <Filter>Header Files</Filter>
    </ClInclude>
    <ClInclude Include="ResourceManager.h">
      <Filter>Header Files</Filter>
    </ClInclude>
    <ClInclude Include="Root.h">
      <Filter>Header Files</Filter>
    </ClInclude>
    <ClInclude Include="RootRenderModule.h">
      <Filter>Header Files</Filter>
    </ClInclude>
    <ClInclude Include="Scene.h">
      <Filter>Header Files</Filter>
    </ClInclude>
    <ClInclude Include="SceneManager.h">
      <Filter>Header Files</Filter>
    </ClInclude>
    <ClInclude Include="Shader.h">
      <Filter>Header Files</Filter>
    </ClInclude>
    <ClInclude Include="ShadowRenderer.h">
      <Filter>Header Files</Filter>
    </ClInclude>
    <ClInclude Include="Singleton.h">
      <Filter>Header Files</Filter>
    </ClInclude>
    <ClInclude Include="SkyboxShader.h">
      <Filter>Header Files</Filter>
    </ClInclude>
    <ClInclude Include="SphereGeometryMesh.h">
      <Filter>Header Files</Filter>
    </ClInclude>
    <ClInclude Include="SphereGeometryMeshFactory.h">
      <Filter>Header Files</Filter>
    </ClInclude>
    <ClInclude Include="SSAOBlurShader.h">
      <Filter>Header Files</Filter>
    </ClInclude>
    <ClInclude Include="SSAOShader.h">
      <Filter>Header Files</Filter>
    </ClInclude>
    <ClInclude Include="Texture.h">
      <Filter>Header Files</Filter>
    </ClInclude>
    <ClInclude Include="TextureFile.h">
      <Filter>Header Files</Filter>
    </ClInclude>
    <ClInclude Include="TransformableModule.h">
      <Filter>Header Files</Filter>
    </ClInclude>
    <ClInclude Include="TriangleMesh.h">
      <Filter>Header Files</Filter>
    </ClInclude>
    <ClInclude Include="TriangleMeshFactory.h">
      <Filter>Header Files</Filter>
    </ClInclude>
    <ClInclude Include="Unit.h">
      <Filter>Header Files</Filter>
    </ClInclude>
    <ClInclude Include="Window.h">
      <Filter>Header Files</Filter>
    </ClInclude>
    <ClInclude Include="WindowFactory.h">
      <Filter>Header Files</Filter>
    </ClInclude>
    <ClInclude Include="WindowManager.h">
      <Filter>Header Files</Filter>
    </ClInclude>
  </ItemGroup>
  <ItemGroup>
    <ResourceCompile Include="common.rc">
      <Filter>Resource Files</Filter>
    </ResourceCompile>
  </ItemGroup>
</Project>